
Microsoft Visual Studio Solution File, Format Version 12.00
# Visual Studio Version 16
VisualStudioVersion = 16.0.31911.196
MinimumVisualStudioVersion = 10.0.40219.1
Project("{FAE04EC0-301F-11D3-BF4B-00C04F79EFBC}") = "TestingMultiplesProcess", "TestingMultiplesProcess\TestingMultiplesProcess.csproj", "{0755329A-CCBA-458C-8D14-D70D800EBBEC}"
EndProject
Global
	GlobalSection(SolutionConfigurationPlatforms) = preSolution
		Debug|Any CPU = Debug|Any CPU
		Release|Any CPU = Release|Any CPU
	EndGlobalSection
	GlobalSection(ProjectConfigurationPlatforms) = postSolution
		{0755329A-CCBA-458C-8D14-D70D800EBBEC}.Debug|Any CPU.ActiveCfg = Debug|Any CPU
		{0755329A-CCBA-458C-8D14-D70D800EBBEC}.Debug|Any CPU.Build.0 = Debug|Any CPU
		{0755329A-CCBA-458C-8D14-D70D800EBBEC}.Release|Any CPU.ActiveCfg = Release|Any CPU
		{0755329A-CCBA-458C-8D14-D70D800EBBEC}.Release|Any CPU.Build.0 = Release|Any CPU
	EndGlobalSection
	GlobalSection(SolutionProperties) = preSolution
		HideSolutionNode = FALSE
	EndGlobalSection
	GlobalSection(ExtensibilityGlobals) = postSolution
		SolutionGuid = {BD91C1EC-48E9-4D4D-A725-EA4750417524}
	EndGlobalSection
EndGlobal
